
Microsoft Visual Studio Solution File, Format Version 12.00
# Visual Studio Version 17
VisualStudioVersion = 17.5.002.0
MinimumVisualStudioVersion = 10.0.40219.1
Project("{9A19103F-16F7-4668-BE54-9A1E7A4F7556}") = "TodoApi", "TodoApi.csproj", "{143ACA02-C924-41CC-9908-B8E687A44663}"
EndProject
Global
	GlobalSection(SolutionConfigurationPlatforms) = preSolution
		Debug|Any CPU = Debug|Any CPU
		Release|Any CPU = Release|Any CPU
	EndGlobalSection
	GlobalSection(ProjectConfigurationPlatforms) = postSolution
		{143ACA02-C924-41CC-9908-B8E687A44663}.Debug|Any CPU.ActiveCfg = Debug|Any CPU
		{143ACA02-C924-41CC-9908-B8E687A44663}.Debug|Any CPU.Build.0 = Debug|Any CPU
		{143ACA02-C924-41CC-9908-B8E687A44663}.Release|Any CPU.ActiveCfg = Release|Any CPU
		{143ACA02-C924-41CC-9908-B8E687A44663}.Release|Any CPU.Build.0 = Release|Any CPU
	EndGlobalSection
	GlobalSection(SolutionProperties) = preSolution
		HideSolutionNode = FALSE
	EndGlobalSection
	GlobalSection(ExtensibilityGlobals) = postSolution
		SolutionGuid = {A7EA4579-B1E5-45BF-BE3D-61E5BF60E4CB}
	EndGlobalSection
EndGlobal
